<?xml version="1.0" encoding="utf-8"?>
<Project ToolsVersion="4.0" xmlns="http://schemas.microsoft.com/developer/msbuild/2003">
  <ItemGroup>
    <Filter Include="99. Defines">
      <UniqueIdentifier>{67DA6AB6-F800-4c08-8B7A-83BB121AAD01}</UniqueIdentifier>
      <Extensions>rc;ico;cur;bmp;dlg;rc2;rct;bin;rgs;gif;jpg;jpeg;jpe;resx;tiff;tif;png;wav;mfcribbon-ms</Extensions>
    </Filter>
    <Filter Include="00. System">
      <UniqueIdentifier>{4FC737F1-C7A5-4376-A066-2A32D752A2FF}</UniqueIdentifier>
      <Extensions>cpp;c;cc;cxx;c++;cppm;ixx;def;odl;idl;hpj;bat;asm;asmx</Extensions>
    </Filter>
    <Filter Include="01. Utility">
      <UniqueIdentifier>{93995380-89BD-4b04-88EB-625FBE52EBFB}</UniqueIdentifier>
      <Extensions>h;hh;hpp;hxx;h++;hm;inl;inc;ipp;xsd</Extensions>
    </Filter>
    <Filter Include="01. Utility\99. Super">
      <UniqueIdentifier>{2e5dad1b-53b1-486c-8b5b-8aa737375008}</UniqueIdentifier>
    </Filter>
    <Filter Include="00. System\Timer">
      <UniqueIdentifier>{06c9fea7-e400-4264-8741-603851396e40}</UniqueIdentifier>
    </Filter>
    <Filter Include="00. System\Sound">
      <UniqueIdentifier>{fc7e7bd8-1dd8-492e-8b29-63feafde7b94}</UniqueIdentifier>
    </Filter>
    <Filter Include="00. System\DXDevice">
      <UniqueIdentifier>{363d2cde-03bf-4f03-94b0-840bdd605182}</UniqueIdentifier>
    </Filter>
    <Filter Include="01. Utility\00. Component">
      <UniqueIdentifier>{5a348334-2cca-46bf-8aae-a5eb3bfb7d85}</UniqueIdentifier>
    </Filter>
    <Filter Include="01. Utility\GameObject">
      <UniqueIdentifier>{47ed70dc-d1df-41a4-95b8-57cb936f3307}</UniqueIdentifier>
    </Filter>
    <Filter Include="01. Utility\ActParts">
      <UniqueIdentifier>{2166af75-d814-42ec-848a-e2f581210681}</UniqueIdentifier>
    </Filter>
    <Filter Include="00. System\Shader">
      <UniqueIdentifier>{832b4748-e996-4ec1-94aa-ca4a02397914}</UniqueIdentifier>
    </Filter>
    <Filter Include="00. System\Texture">
      <UniqueIdentifier>{0ebb326a-928a-4b1c-9579-6a8a5ba131cc}</UniqueIdentifier>
    </Filter>
    <Filter Include="00. System\Light">
      <UniqueIdentifier>{1964b21b-c7e1-4d9d-a7fd-37330d100a5c}</UniqueIdentifier>
    </Filter>
    <Filter Include="01. Utility\Scene">
      <UniqueIdentifier>{a1309ce8-6a0b-40c8-933c-0706ff6f6b85}</UniqueIdentifier>
    </Filter>
    <Filter Include="02. Converter">
      <UniqueIdentifier>{8859febe-c0a0-40b8-b7b9-6c1cdfa80802}</UniqueIdentifier>
    </Filter>
    <Filter Include="00. System\Text">
      <UniqueIdentifier>{1f2ee8c2-f504-49db-ab06-5dfcc40d7580}</UniqueIdentifier>
    </Filter>
    <Filter Include="00. System\DebugConsole">
      <UniqueIdentifier>{bd2332c7-1637-481b-9256-dfa627afee50}</UniqueIdentifier>
    </Filter>
    <Filter Include="00. System\Model">
      <UniqueIdentifier>{c03605cf-2309-4854-8b0c-11607542ba16}</UniqueIdentifier>
    </Filter>
    <Filter Include="00. System\Model\ModelConverter">
      <UniqueIdentifier>{dabd8405-b92a-48c7-bb76-bdc222825475}</UniqueIdentifier>
    </Filter>
    <Filter Include="00. System\Model\ModelParts">
      <UniqueIdentifier>{446ae6f3-3665-4306-9543-ff4eb8636a22}</UniqueIdentifier>
    </Filter>
    <Filter Include="00. System\Shader\HLSL">
      <UniqueIdentifier>{e07579ad-81bb-45a8-b825-f9f2108633e4}</UniqueIdentifier>
    </Filter>
    <Filter Include="00. System\Input">
      <UniqueIdentifier>{0966e65e-9bdd-4309-9bef-0e84ffbc9583}</UniqueIdentifier>
    </Filter>
    <Filter Include="00. System\Collider">
      <UniqueIdentifier>{336ad503-81e7-4251-84df-cfeae6fe72f6}</UniqueIdentifier>
    </Filter>
    <Filter Include="00. System\DebugDraw">
      <UniqueIdentifier>{0023c10f-da45-416a-b078-811418f920ac}</UniqueIdentifier>
    </Filter>
    <Filter Include="00. System\Shader\HLSL\NewFilter1">
      <UniqueIdentifier>{17eca4f7-80f6-405a-9836-309e2c58e13a}</UniqueIdentifier>
    </Filter>
  </ItemGroup>
  <ItemGroup>
    <ClInclude Include="..\Public\Engine.h">
      <Filter>99. Defines</Filter>
    </ClInclude>
    <ClInclude Include="..\Public\EngineTypename.h">
      <Filter>99. Defines</Filter>
    </ClInclude>
    <ClInclude Include="..\Public\Enums.h">
      <Filter>99. Defines</Filter>
    </ClInclude>
    <ClInclude Include="..\Public\GlobalArea.h">
      <Filter>99. Defines</Filter>
    </ClInclude>
    <ClInclude Include="..\Public\Structs.h">
      <Filter>99. Defines</Filter>
    </ClInclude>
    <ClInclude Include="..\Public\Act.h">
      <Filter>01. Utility\ActParts</Filter>
    </ClInclude>
    <ClInclude Include="..\Public\Base.h">
      <Filter>01. Utility\99. Super</Filter>
    </ClInclude>
    <ClInclude Include="..\Public\BaseObject.h">
      <Filter>01. Utility\99. Super</Filter>
    </ClInclude>
    <ClInclude Include="..\Public\UIObject.h">
      <Filter>01. Utility\99. Super</Filter>
    </ClInclude>
    <ClInclude Include="..\Public\Layer.h">
      <Filter>01. Utility\ActParts</Filter>
    </ClInclude>
    <ClInclude Include="..\Public\Scene.h">
      <Filter>01. Utility\Scene</Filter>
    </ClInclude>
    <ClInclude Include="..\Public\SceneLoader.h">
      <Filter>01. Utility\Scene</Filter>
    </ClInclude>
    <ClInclude Include="..\Public\Text.h">
      <Filter>00. System\Text</Filter>
    </ClInclude>
    <ClInclude Include="..\Public\Texture.h">
      <Filter>00. System\Texture</Filter>
    </ClInclude>
    <ClInclude Include="..\Public\TimeManager.h">
      <Filter>00. System\Timer</Filter>
    </ClInclude>
    <ClInclude Include="..\Public\Timer.h">
      <Filter>00. System\Timer</Filter>
    </ClInclude>
    <ClInclude Include="..\Public\TextureManager.h">
      <Filter>00. System\Texture</Filter>
    </ClInclude>
    <ClInclude Include="..\Public\Shader.h">
      <Filter>00. System\Shader</Filter>
    </ClInclude>
    <ClInclude Include="..\Public\DefaultCubeShader.h">
      <Filter>00. System\Shader</Filter>
    </ClInclude>
    <ClInclude Include="..\Public\DXDevice.h">
      <Filter>00. System\DXDevice</Filter>
    </ClInclude>
    <ClInclude Include="..\Public\SoundManager.h">
      <Filter>00. System\Sound</Filter>
    </ClInclude>
    <ClInclude Include="..\Public\ShaderLoader.h">
      <Filter>00. System\Shader</Filter>
    </ClInclude>
    <ClInclude Include="..\Public\ModelFactory.h">
      <Filter>00. System\Model</Filter>
    </ClInclude>
    <ClInclude Include="..\Public\ModelLoader.h">
      <Filter>00. System\Model</Filter>
    </ClInclude>
    <ClInclude Include="..\Public\Light.h">
      <Filter>00. System\Light</Filter>
    </ClInclude>
    <ClInclude Include="..\Public\LightManager.h">
      <Filter>00. System\Light</Filter>
    </ClInclude>
    <ClInclude Include="..\Public\GameInstance.h">
      <Filter>00. System</Filter>
    </ClInclude>
    <ClInclude Include="..\Public\GameObject.h">
      <Filter>01. Utility\GameObject</Filter>
    </ClInclude>
    <ClInclude Include="..\Public\Foundation.h">
      <Filter>99. Defines</Filter>
    </ClInclude>
    <ClInclude Include="..\Public\BoneHandler.h">
      <Filter>00. System\Model</Filter>
    </ClInclude>
    <ClInclude Include="..\Public\ClonePod.h">
      <Filter>01. Utility</Filter>
    </ClInclude>
    <ClInclude Include="..\Public\DefaultUIShader.h">
      <Filter>00. System\Shader</Filter>
    </ClInclude>
    <ClInclude Include="..\Public\DefaultModelShader.h">
      <Filter>00. System\Shader</Filter>
    </ClInclude>
    <ClInclude Include="..\Public\Component.h">
      <Filter>01. Utility\00. Component</Filter>
    </ClInclude>
    <ClInclude Include="..\Public\Camera.h">
      <Filter>01. Utility\00. Component</Filter>
    </ClInclude>
    <ClInclude Include="..\Public\ParticleBuffer.h">
      <Filter>01. Utility\00. Component</Filter>
    </ClInclude>
    <ClInclude Include="..\Public\Transform.h">
      <Filter>01. Utility\00. Component</Filter>
    </ClInclude>
    <ClInclude Include="..\Public\DebugConsole.h">
      <Filter>00. System\DebugConsole</Filter>
    </ClInclude>
    <ClInclude Include="..\Public\InputManager.h">
      <Filter>00. System\Input</Filter>
    </ClInclude>
    <ClInclude Include="..\Public\Renderer.h">
      <Filter>01. Utility</Filter>
    </ClInclude>
    <ClInclude Include="..\Public\Bone.h">
      <Filter>00. System\Model\ModelParts</Filter>
    </ClInclude>
    <ClInclude Include="..\Public\Material.h">
      <Filter>00. System\Model\ModelParts</Filter>
    </ClInclude>
    <ClInclude Include="..\Public\Model.h">
      <Filter>00. System\Model\ModelParts</Filter>
    </ClInclude>
    <ClInclude Include="..\Public\ModelAnimation.h">
      <Filter>00. System\Model\ModelParts</Filter>
    </ClInclude>
    <ClInclude Include="..\Public\ModelNode.h">
      <Filter>00. System\Model\ModelParts</Filter>
    </ClInclude>
    <ClInclude Include="..\Public\StaticModel.h">
      <Filter>00. System\Model\ModelParts</Filter>
    </ClInclude>
    <ClInclude Include="..\Public\Mesh.h">
      <Filter>00. System\Model\ModelParts</Filter>
    </ClInclude>
    <ClInclude Include="..\Public\ModelConverter.h">
      <Filter>00. System\Model\ModelConverter</Filter>
    </ClInclude>
    <ClInclude Include="..\Public\Collider.h">
      <Filter>00. System\Collider</Filter>
    </ClInclude>
    <ClInclude Include="..\Public\DebugDraw.h">
      <Filter>00. System\DebugDraw</Filter>
    </ClInclude>
    <ClInclude Include="..\Public\LineDrawer.h">
      <Filter>00. System\DebugDraw</Filter>
    </ClInclude>
    <ClInclude Include="..\Public\MultiStaticMesh.h">
      <Filter>01. Utility\00. Component</Filter>
    </ClInclude>
    <ClInclude Include="..\Public\MultiObjectBuffer.h">
      <Filter>01. Utility\00. Component</Filter>
    </ClInclude>
    <ClInclude Include="..\Public\PointDrawer.h">
      <Filter>00. System\DebugDraw</Filter>
    </ClInclude>
    <ClInclude Include="..\Public\Polygon.h">
      <Filter>01. Utility\00. Component</Filter>
    </ClInclude>
    <ClInclude Include="..\Public\CubePolygon.h">
      <Filter>01. Utility\00. Component</Filter>
    </ClInclude>
    <ClInclude Include="..\Public\ColliderManager.h">
      <Filter>00. System\Collider</Filter>
    </ClInclude>
    <ClInclude Include="..\Public\NavMesh.h">
      <Filter>00. System\Collider</Filter>
    </ClInclude>
    <ClInclude Include="..\Public\tempparts.h">
      <Filter>00. System\Model\ModelParts</Filter>
    </ClInclude>
    <ClInclude Include="..\Public\DefaultParticleShader.h">
      <Filter>00. System\Shader</Filter>
    </ClInclude>
  </ItemGroup>
  <ItemGroup>
    <ClCompile Include="..\Private\Act.cpp">
      <Filter>01. Utility\ActParts</Filter>
    </ClCompile>
    <ClCompile Include="..\Private\Base.cpp">
      <Filter>01. Utility\99. Super</Filter>
    </ClCompile>
    <ClCompile Include="..\Private\BaseObject.cpp">
      <Filter>01. Utility\99. Super</Filter>
    </ClCompile>
    <ClCompile Include="..\Private\UIObject.cpp">
      <Filter>01. Utility\99. Super</Filter>
    </ClCompile>
    <ClCompile Include="..\Private\Layer.cpp">
      <Filter>01. Utility\ActParts</Filter>
    </ClCompile>
    <ClCompile Include="..\Private\Scene.cpp">
      <Filter>01. Utility\Scene</Filter>
    </ClCompile>
    <ClCompile Include="..\Private\SceneLoader.cpp">
      <Filter>01. Utility\Scene</Filter>
    </ClCompile>
    <ClCompile Include="..\Private\Text.cpp">
      <Filter>00. System\Text</Filter>
    </ClCompile>
    <ClCompile Include="..\Private\Texture.cpp">
      <Filter>00. System\Texture</Filter>
    </ClCompile>
    <ClCompile Include="..\Private\TimeManager.cpp">
      <Filter>00. System\Timer</Filter>
    </ClCompile>
    <ClCompile Include="..\Private\Timer.cpp">
      <Filter>00. System\Timer</Filter>
    </ClCompile>
    <ClCompile Include="..\Private\TextureManager.cpp">
      <Filter>00. System\Texture</Filter>
    </ClCompile>
    <ClCompile Include="..\Private\Shader.cpp">
      <Filter>00. System\Shader</Filter>
    </ClCompile>
    <ClCompile Include="..\Private\DefaultCubeShader.cpp">
      <Filter>00. System\Shader</Filter>
    </ClCompile>
    <ClCompile Include="..\Private\DXDevice.cpp">
      <Filter>00. System\DXDevice</Filter>
    </ClCompile>
    <ClCompile Include="..\Private\SoundManager.cpp">
      <Filter>00. System\Sound</Filter>
    </ClCompile>
    <ClCompile Include="..\Private\ShaderLoader.cpp">
      <Filter>00. System\Shader</Filter>
    </ClCompile>
    <ClCompile Include="..\Private\ModelFactory.cpp">
      <Filter>00. System\Model</Filter>
    </ClCompile>
    <ClCompile Include="..\Private\ModelLoader.cpp">
      <Filter>00. System\Model</Filter>
    </ClCompile>
    <ClCompile Include="..\Private\Light.cpp">
      <Filter>00. System\Light</Filter>
    </ClCompile>
    <ClCompile Include="..\Private\LightManager.cpp">
      <Filter>00. System\Light</Filter>
    </ClCompile>
    <ClCompile Include="..\Private\InputManager.cpp">
      <Filter>00. System\Input</Filter>
    </ClCompile>
    <ClCompile Include="..\Private\GameInstance.cpp">
      <Filter>00. System</Filter>
    </ClCompile>
    <ClCompile Include="..\Private\GameObject.cpp">
      <Filter>01. Utility\GameObject</Filter>
    </ClCompile>
    <ClCompile Include="..\Private\Foundation.cpp">
      <Filter>99. Defines</Filter>
    </ClCompile>
    <ClCompile Include="..\Private\BoneHandler.cpp">
      <Filter>00. System\Model</Filter>
    </ClCompile>
    <ClCompile Include="..\Private\ClonePod.cpp">
      <Filter>01. Utility</Filter>
    </ClCompile>
    <ClCompile Include="..\Private\DefaultModelShader.cpp">
      <Filter>00. System\Shader</Filter>
    </ClCompile>
    <ClCompile Include="..\Private\DefaultUIShader.cpp">
      <Filter>00. System\Shader</Filter>
    </ClCompile>
    <ClCompile Include="..\Private\Component.cpp">
      <Filter>01. Utility\00. Component</Filter>
    </ClCompile>
    <ClCompile Include="..\Private\Camera.cpp">
      <Filter>01. Utility\00. Component</Filter>
    </ClCompile>
    <ClCompile Include="..\Private\ParticleBuffer.cpp">
      <Filter>01. Utility\00. Component</Filter>
    </ClCompile>
    <ClCompile Include="..\Private\Transform.cpp">
      <Filter>01. Utility\00. Component</Filter>
    </ClCompile>
    <ClCompile Include="..\Private\DebugConsole.cpp">
      <Filter>00. System\DebugConsole</Filter>
    </ClCompile>
    <ClCompile Include="..\Private\Renderer.cpp">
      <Filter>01. Utility</Filter>
    </ClCompile>
    <ClCompile Include="..\Private\Bone.cpp">
      <Filter>00. System\Model\ModelParts</Filter>
    </ClCompile>
    <ClCompile Include="..\Private\Material.cpp">
      <Filter>00. System\Model\ModelParts</Filter>
    </ClCompile>
    <ClCompile Include="..\Private\Mesh.cpp">
      <Filter>00. System\Model\ModelParts</Filter>
    </ClCompile>
    <ClCompile Include="..\Private\Model.cpp">
      <Filter>00. System\Model\ModelParts</Filter>
    </ClCompile>
    <ClCompile Include="..\Private\ModelAnimation.cpp">
      <Filter>00. System\Model\ModelParts</Filter>
    </ClCompile>
    <ClCompile Include="..\Private\ModelNode.cpp">
      <Filter>00. System\Model\ModelParts</Filter>
    </ClCompile>
    <ClCompile Include="..\Private\StaticModel.cpp">
      <Filter>00. System\Model\ModelParts</Filter>
    </ClCompile>
    <ClCompile Include="..\Private\ModelConverter.cpp">
      <Filter>00. System\Model\ModelConverter</Filter>
    </ClCompile>
    <ClCompile Include="..\Private\Collider.cpp">
      <Filter>00. System\Collider</Filter>
    </ClCompile>
    <ClCompile Include="..\Private\DebugDraw.cpp">
      <Filter>00. System\DebugDraw</Filter>
    </ClCompile>
    <ClCompile Include="..\Private\LineDrawer.cpp">
      <Filter>00. System\DebugDraw</Filter>
    </ClCompile>
    <ClCompile Include="..\Private\MultiStaticMesh.cpp">
      <Filter>01. Utility\00. Component</Filter>
    </ClCompile>
    <ClCompile Include="..\Private\MultiObjectBuffer.cpp">
      <Filter>01. Utility\00. Component</Filter>
    </ClCompile>
    <ClCompile Include="..\Private\PointDrawer.cpp">
      <Filter>00. System\DebugDraw</Filter>
    </ClCompile>
    <ClCompile Include="..\Private\Polygon.cpp">
      <Filter>01. Utility\00. Component</Filter>
    </ClCompile>
    <ClCompile Include="..\private\CubePolygon.cpp">
      <Filter>01. Utility\00. Component</Filter>
    </ClCompile>
    <ClCompile Include="..\Private\NavMesh.cpp">
      <Filter>00. System\Collider</Filter>
    </ClCompile>
    <ClCompile Include="..\Private\ColliderManager.cpp">
      <Filter>00. System\Collider</Filter>
    </ClCompile>
    <ClCompile Include="..\private\tempparts.cpp">
      <Filter>00. System\Model\ModelParts</Filter>
    </ClCompile>
    <ClCompile Include="..\Private\DefaultParticleShader.cpp">
      <Filter>00. System\Shader</Filter>
    </ClCompile>
  </ItemGroup>
  <ItemGroup>
    <FxCompile Include="..\Bin\Shaders\DefaultModelShader.hlsl">
      <Filter>00. System\Shader\HLSL</Filter>
    </FxCompile>
    <FxCompile Include="..\Bin\Shaders\DefaultPixelShader.hlsl">
      <Filter>00. System\Shader\HLSL</Filter>
    </FxCompile>
    <FxCompile Include="..\Bin\Shaders\DefaultShader.hlsl">
      <Filter>00. System\Shader\HLSL</Filter>
    </FxCompile>
    <FxCompile Include="..\Bin\Shaders\DefaultStaticModelShader.hlsl">
      <Filter>00. System\Shader\HLSL</Filter>
    </FxCompile>
    <FxCompile Include="..\Bin\Shaders\DefaultUIShader.hlsl">
      <Filter>00. System\Shader\HLSL</Filter>
    </FxCompile>
    <FxCompile Include="..\Bin\Shaders\DefaultVertexShader.hlsl">
      <Filter>00. System\Shader\HLSL</Filter>
    </FxCompile>
    <FxCompile Include="..\Bin\Shaders\DefaultCubeShader.hlsl">
      <Filter>00. System\Shader\HLSL</Filter>
    </FxCompile>
    <FxCompile Include="..\Bin\Shaders\DefaultPointParticleShader.hlsl">
      <Filter>00. System\Shader\HLSL</Filter>
    </FxCompile>
    <FxCompile Include="..\Bin\Shaders\DefaultParticleShader.hlsl">
      <Filter>00. System\Shader\HLSL</Filter>
    </FxCompile>
  </ItemGroup>
  <ItemGroup>
    <None Include="..\Bin\Shaders\ShaderHeader.hlsli">
      <Filter>00. System\Shader\HLSL</Filter>
    </None>
  </ItemGroup>
</Project>