<?xml version="1.0" encoding="utf-8"?>
<Project ToolsVersion="4.0" xmlns="http://schemas.microsoft.com/developer/msbuild/2003">
  <ItemGroup>
    <Filter Include="헤더 파일">
      <UniqueIdentifier>{93995380-89BD-4b04-88EB-625FBE52EBFB}</UniqueIdentifier>
      <Extensions>h;hh;hpp;hxx;h++;hm;inl;inc;ipp;xsd</Extensions>
    </Filter>
    <Filter Include="00. Core">
      <UniqueIdentifier>{4FC737F1-C7A5-4376-A066-2A32D752A2FF}</UniqueIdentifier>
      <Extensions>cpp;c;cc;cxx;c++;cppm;ixx;def;odl;idl;hpj;bat;asm;asmx</Extensions>
    </Filter>
    <Filter Include="00. Core\BaseResources">
      <UniqueIdentifier>{67DA6AB6-F800-4c08-8B7A-83BB121AAD01}</UniqueIdentifier>
      <Extensions>rc;ico;cur;bmp;dlg;rc2;rct;bin;rgs;gif;jpg;jpeg;jpe;resx;tiff;tif;png;wav;mfcribbon-ms</Extensions>
    </Filter>
    <Filter Include="00. Core\ImGui">
      <UniqueIdentifier>{4f2b02c6-7d9c-4fa6-8d1b-30b9a4e8c73e}</UniqueIdentifier>
    </Filter>
    <Filter Include="01. Base">
      <UniqueIdentifier>{ff492302-8a9f-48bb-aa0b-e9d473836a70}</UniqueIdentifier>
    </Filter>
    <Filter Include="02. Window">
      <UniqueIdentifier>{57601839-566c-4151-bac5-36269fccf1ff}</UniqueIdentifier>
    </Filter>
    <Filter Include="00. Core\JSON">
      <UniqueIdentifier>{8171523b-ff8b-47c0-93a3-f39cb2ab55ed}</UniqueIdentifier>
    </Filter>
    <Filter Include="99. References">
      <UniqueIdentifier>{814b7729-39f3-4662-8fb6-ba6128fd1101}</UniqueIdentifier>
    </Filter>
  </ItemGroup>
  <ItemGroup>
    <ClInclude Include="framework.h">
      <Filter>00. Core</Filter>
    </ClInclude>
    <ClInclude Include="Map Tool.h">
      <Filter>00. Core</Filter>
    </ClInclude>
    <ClInclude Include="Resource.h">
      <Filter>00. Core</Filter>
    </ClInclude>
    <ClInclude Include="targetver.h">
      <Filter>00. Core</Filter>
    </ClInclude>
    <ClInclude Include="..\ImGui\imgui_impl_dx11.h">
      <Filter>00. Core\ImGui</Filter>
    </ClInclude>
    <ClInclude Include="..\ImGui\imgui_impl_win32.h">
      <Filter>00. Core\ImGui</Filter>
    </ClInclude>
    <ClInclude Include="..\ImGui\imgui_internal.h">
      <Filter>00. Core\ImGui</Filter>
    </ClInclude>
    <ClInclude Include="..\ImGui\imstb_rectpack.h">
      <Filter>00. Core\ImGui</Filter>
    </ClInclude>
    <ClInclude Include="..\ImGui\imstb_textedit.h">
      <Filter>00. Core\ImGui</Filter>
    </ClInclude>
    <ClInclude Include="..\ImGui\imstb_truetype.h">
      <Filter>00. Core\ImGui</Filter>
    </ClInclude>
    <ClInclude Include="..\ImGui\imconfig.h">
      <Filter>00. Core\ImGui</Filter>
    </ClInclude>
    <ClInclude Include="..\ImGui\imgui.h">
      <Filter>00. Core\ImGui</Filter>
    </ClInclude>
    <ClInclude Include="..\Public\CFileExplorerWindow.h">
      <Filter>헤더 파일</Filter>
    </ClInclude>
    <ClInclude Include="..\Public\JsonIO.h">
      <Filter>헤더 파일</Filter>
    </ClInclude>
    <ClInclude Include="..\Public\CMainViewCamera.h">
      <Filter>헤더 파일</Filter>
    </ClInclude>
    <ClInclude Include="..\Public\CResourceWindow.h">
      <Filter>헤더 파일</Filter>
    </ClInclude>
    <ClInclude Include="..\Public\CTextureWindow.h">
      <Filter>헤더 파일</Filter>
    </ClInclude>
    <ClInclude Include="..\Public\NaviMeshCreatorWindow.h">
      <Filter>헤더 파일</Filter>
    </ClInclude>
    <ClInclude Include="..\Public\CVariableReader.h">
      <Filter>헤더 파일</Filter>
    </ClInclude>
    <ClInclude Include="..\Public\ToolMain.h">
      <Filter>01. Base</Filter>
    </ClInclude>
    <ClInclude Include="..\Public\BasicWindow.h">
      <Filter>02. Window</Filter>
    </ClInclude>
    <ClInclude Include="..\Public\ConsoleWindow.h">
      <Filter>02. Window</Filter>
    </ClInclude>
    <ClInclude Include="..\Public\GlobalArea.h">
      <Filter>01. Base</Filter>
    </ClInclude>
    <ClInclude Include="..\Public\json.hpp">
      <Filter>00. Core\JSON</Filter>
    </ClInclude>
    <ClInclude Include="..\Public\MainViewWindow.h">
      <Filter>02. Window</Filter>
    </ClInclude>
    <ClInclude Include="pch.h">
      <Filter>01. Base</Filter>
    </ClInclude>
    <ClInclude Include="..\Public\ToolCamera.h">
      <Filter>02. Window</Filter>
    </ClInclude>
    <ClInclude Include="..\Public\MonitoringWindow.h">
      <Filter>02. Window</Filter>
    </ClInclude>
    <ClInclude Include="..\..\..\Ace Combat 7\EngineSDK\Include\DXDevice.h">
      <Filter>00. Core</Filter>
    </ClInclude>
    <ClInclude Include="..\Public\ObjectManager.h">
      <Filter>02. Window</Filter>
    </ClInclude>
    <ClInclude Include="..\Public\HierarchyWindow.h">
      <Filter>02. Window</Filter>
    </ClInclude>
    <ClInclude Include="..\Public\PropertyWindow.h">
      <Filter>02. Window</Filter>
    </ClInclude>
  </ItemGroup>
  <ItemGroup>
    <ClCompile Include="Map Tool.cpp">
      <Filter>00. Core</Filter>
    </ClCompile>
    <ClCompile Include="..\ImGui\imgui_impl_dx11.cpp">
      <Filter>00. Core\ImGui</Filter>
    </ClCompile>
    <ClCompile Include="..\ImGui\imgui_impl_win32.cpp">
      <Filter>00. Core\ImGui</Filter>
    </ClCompile>
    <ClCompile Include="..\ImGui\imgui_tables.cpp">
      <Filter>00. Core\ImGui</Filter>
    </ClCompile>
    <ClCompile Include="..\ImGui\imgui_widgets.cpp">
      <Filter>00. Core\ImGui</Filter>
    </ClCompile>
    <ClCompile Include="..\ImGui\imgui.cpp">
      <Filter>00. Core\ImGui</Filter>
    </ClCompile>
    <ClCompile Include="..\ImGui\imgui_demo.cpp">
      <Filter>00. Core\ImGui</Filter>
    </ClCompile>
    <ClCompile Include="..\ImGui\imgui_draw.cpp">
      <Filter>00. Core\ImGui</Filter>
    </ClCompile>
    <ClCompile Include="..\Private\JsonIO.cpp">
      <Filter>헤더 파일</Filter>
    </ClCompile>
    <ClCompile Include="..\Private\CMainViewCamera.cpp">
      <Filter>헤더 파일</Filter>
    </ClCompile>
    <ClCompile Include="..\Private\CResourceWindow.cpp">
      <Filter>헤더 파일</Filter>
    </ClCompile>
    <ClCompile Include="..\Private\CTextureWindow.cpp">
      <Filter>헤더 파일</Filter>
    </ClCompile>
    <ClCompile Include="..\Private\NaviMeshCreatorWindow.cpp">
      <Filter>헤더 파일</Filter>
    </ClCompile>
    <ClCompile Include="..\Private\CVariableReader.cpp">
      <Filter>헤더 파일</Filter>
    </ClCompile>
    <ClCompile Include="..\Private\CFileExplorerWindow.cpp">
      <Filter>헤더 파일</Filter>
    </ClCompile>
    <ClCompile Include="..\Private\ToolMain.cpp">
      <Filter>01. Base</Filter>
    </ClCompile>
    <ClCompile Include="..\Private\BasicWindow.cpp">
      <Filter>02. Window</Filter>
    </ClCompile>
    <ClCompile Include="..\Private\ConsoleWindow.cpp">
      <Filter>02. Window</Filter>
    </ClCompile>
    <ClCompile Include="..\Private\GlobalArea.cpp">
      <Filter>01. Base</Filter>
    </ClCompile>
    <ClCompile Include="..\Private\MainViewWindow.cpp">
      <Filter>02. Window</Filter>
    </ClCompile>
    <ClCompile Include="pch.cpp">
      <Filter>01. Base</Filter>
    </ClCompile>
    <ClCompile Include="..\Private\ToolCamera.cpp">
      <Filter>02. Window</Filter>
    </ClCompile>
    <ClCompile Include="..\Private\MonitoringWindow.cpp">
      <Filter>02. Window</Filter>
    </ClCompile>
    <ClCompile Include="..\..\..\Ace Combat 7\Client\Private\ActiveRadarHomingMissile.cpp">
      <Filter>99. References</Filter>
    </ClCompile>
    <ClCompile Include="..\..\..\Ace Combat 7\Client\Private\AIPilot.cpp">
      <Filter>99. References</Filter>
    </ClCompile>
    <ClCompile Include="..\..\..\Ace Combat 7\Client\Private\AircraftBoneHandler.cpp">
      <Filter>99. References</Filter>
    </ClCompile>
    <ClCompile Include="..\..\..\Ace Combat 7\Client\Private\AircraftMetaData.cpp">
      <Filter>99. References</Filter>
    </ClCompile>
    <ClCompile Include="..\..\..\Ace Combat 7\Client\Private\AltitudeIndicator.cpp">
      <Filter>99. References</Filter>
    </ClCompile>
    <ClCompile Include="..\..\..\Ace Combat 7\Client\Private\AttitudeIndicator.cpp">
      <Filter>99. References</Filter>
    </ClCompile>
    <ClCompile Include="..\..\..\Ace Combat 7\Client\Private\AutoPilot.cpp">
      <Filter>99. References</Filter>
    </ClCompile>
    <ClCompile Include="..\..\..\Ace Combat 7\Client\Private\BackGround.cpp">
      <Filter>99. References</Filter>
    </ClCompile>
    <ClCompile Include="..\..\..\Ace Combat 7\Client\Private\Compass.cpp">
      <Filter>99. References</Filter>
    </ClCompile>
    <ClCompile Include="..\..\..\Ace Combat 7\Client\Private\DefineArea.cpp">
      <Filter>99. References</Filter>
    </ClCompile>
    <ClCompile Include="..\..\..\Ace Combat 7\Client\Private\F14DHandler.cpp">
      <Filter>99. References</Filter>
    </ClCompile>
    <ClCompile Include="..\..\..\Ace Combat 7\Client\Private\F15E.cpp">
      <Filter>99. References</Filter>
    </ClCompile>
    <ClCompile Include="..\..\..\Ace Combat 7\Client\Private\F15EHandler.cpp">
      <Filter>99. References</Filter>
    </ClCompile>
    <ClCompile Include="..\..\..\Ace Combat 7\Client\Private\F16CHandler.cpp">
      <Filter>99. References</Filter>
    </ClCompile>
    <ClCompile Include="..\..\..\Ace Combat 7\Client\Private\FCSHUD.cpp">
      <Filter>99. References</Filter>
    </ClCompile>
    <ClCompile Include="..\..\..\Ace Combat 7\Client\Private\FireControlSystem.cpp">
      <Filter>99. References</Filter>
    </ClCompile>
    <ClCompile Include="..\..\..\Ace Combat 7\Client\Private\FlightMovement.cpp">
      <Filter>99. References</Filter>
    </ClCompile>
    <ClCompile Include="..\..\..\Ace Combat 7\Client\Private\FlightPathMarker.cpp">
      <Filter>99. References</Filter>
    </ClCompile>
    <ClCompile Include="..\..\..\Ace Combat 7\Client\Private\GunReticle.cpp">
      <Filter>99. References</Filter>
    </ClCompile>
    <ClCompile Include="..\..\..\Ace Combat 7\Client\Private\IFFHud.cpp">
      <Filter>99. References</Filter>
    </ClCompile>
    <ClCompile Include="..\..\..\Ace Combat 7\Client\Private\MainApp.cpp">
      <Filter>99. References</Filter>
    </ClCompile>
    <ClCompile Include="..\..\..\Ace Combat 7\Client\Private\MainCamera.cpp">
      <Filter>99. References</Filter>
    </ClCompile>
    <ClCompile Include="..\..\..\Ace Combat 7\Client\Private\MainMenu.cpp">
      <Filter>99. References</Filter>
    </ClCompile>
    <ClCompile Include="..\..\..\Ace Combat 7\Client\Private\Missile.cpp">
      <Filter>99. References</Filter>
    </ClCompile>
    <ClCompile Include="..\..\..\Ace Combat 7\Client\Private\MissileLockUI.cpp">
      <Filter>99. References</Filter>
    </ClCompile>
    <ClCompile Include="..\..\..\Ace Combat 7\Client\Private\MS01.cpp">
      <Filter>99. References</Filter>
    </ClCompile>
    <ClCompile Include="..\..\..\Ace Combat 7\Client\Private\MS01Terrain.cpp">
      <Filter>99. References</Filter>
    </ClCompile>
    <ClCompile Include="..\..\..\Ace Combat 7\Client\Private\OceanTile.cpp">
      <Filter>99. References</Filter>
    </ClCompile>
    <ClCompile Include="..\..\..\Ace Combat 7\Client\Private\Player.cpp">
      <Filter>99. References</Filter>
    </ClCompile>
    <ClCompile Include="..\..\..\Ace Combat 7\Client\Private\PlayerEar.cpp">
      <Filter>99. References</Filter>
    </ClCompile>
    <ClCompile Include="..\..\..\Ace Combat 7\Client\Private\PlayerPilot.cpp">
      <Filter>99. References</Filter>
    </ClCompile>
    <ClCompile Include="..\..\..\Ace Combat 7\Client\Private\PlayerStatusHUD.cpp">
      <Filter>99. References</Filter>
    </ClCompile>
    <ClCompile Include="..\..\..\Ace Combat 7\Client\Private\RaderUI.cpp">
      <Filter>99. References</Filter>
    </ClCompile>
    <ClCompile Include="..\..\..\Ace Combat 7\Client\Private\RMWR.cpp">
      <Filter>99. References</Filter>
    </ClCompile>
    <ClCompile Include="..\..\..\Ace Combat 7\Client\Private\SkyBox.cpp">
      <Filter>99. References</Filter>
    </ClCompile>
    <ClCompile Include="..\..\..\Ace Combat 7\Client\Private\SpeedIndicator.cpp">
      <Filter>99. References</Filter>
    </ClCompile>
    <ClCompile Include="..\..\..\Ace Combat 7\Client\Private\StandardMissile.cpp">
      <Filter>99. References</Filter>
    </ClCompile>
    <ClCompile Include="..\..\..\Ace Combat 7\Client\Private\SU33Handler.cpp">
      <Filter>99. References</Filter>
    </ClCompile>
    <ClCompile Include="..\..\..\Ace Combat 7\Client\Private\TargetDummy.cpp">
      <Filter>99. References</Filter>
    </ClCompile>
    <ClCompile Include="..\..\..\Ace Combat 7\Client\Private\Title.cpp">
      <Filter>99. References</Filter>
    </ClCompile>
    <ClCompile Include="..\..\..\Ace Combat 7\Client\Private\TitleBackground.cpp">
      <Filter>99. References</Filter>
    </ClCompile>
    <ClCompile Include="..\..\..\Ace Combat 7\Client\Private\UIShader.cpp">
      <Filter>99. References</Filter>
    </ClCompile>
    <ClCompile Include="..\Private\ObjectManager.cpp">
      <Filter>02. Window</Filter>
    </ClCompile>
    <ClCompile Include="..\Private\HierarchyWindow.cpp">
      <Filter>02. Window</Filter>
    </ClCompile>
    <ClCompile Include="..\Private\PropertyWindow.cpp">
      <Filter>02. Window</Filter>
    </ClCompile>
    <ClCompile Include="..\..\..\Ace Combat 7\Client\Private\NavMesh.cpp">
      <Filter>99. References</Filter>
    </ClCompile>
    <ClCompile Include="..\..\..\Ace Combat 7\Client\Private\MS01TerrainA.cpp">
      <Filter>99. References</Filter>
    </ClCompile>
    <ClCompile Include="..\..\..\Ace Combat 7\Client\Private\MS01TerrainB.cpp">
      <Filter>99. References</Filter>
    </ClCompile>
    <ClCompile Include="..\..\..\Ace Combat 7\Client\Private\MS01TerrainC.cpp">
      <Filter>99. References</Filter>
    </ClCompile>
    <ClCompile Include="..\..\..\Ace Combat 7\Client\Private\MS01TerrainD.cpp">
      <Filter>99. References</Filter>
    </ClCompile>
    <ClCompile Include="..\..\..\Ace Combat 7\Client\Private\MS01TerrainE.cpp">
      <Filter>99. References</Filter>
    </ClCompile>
    <ClCompile Include="..\..\..\Ace Combat 7\Client\Private\SimpleBullet.cpp">
      <Filter>99. References</Filter>
    </ClCompile>
  </ItemGroup>
  <ItemGroup>
    <ResourceCompile Include="Map Tool.rc">
      <Filter>00. Core\BaseResources</Filter>
    </ResourceCompile>
  </ItemGroup>
  <ItemGroup>
    <Image Include="small.ico">
      <Filter>00. Core\BaseResources</Filter>
    </Image>
    <Image Include="Map Tool.ico">
      <Filter>00. Core\BaseResources</Filter>
    </Image>
  </ItemGroup>
  <ItemGroup>
    <None Include="..\ImGui\imgui.ini">
      <Filter>00. Core\ImGui</Filter>
    </None>
    <None Include="..\ImGui\imgui.natstepfilter">
      <Filter>00. Core\ImGui</Filter>
    </None>
  </ItemGroup>
  <ItemGroup>
    <Natvis Include="..\ImGui\imgui.natvis">
      <Filter>00. Core\ImGui</Filter>
    </Natvis>
  </ItemGroup>
</Project>